
Microsoft Visual Studio Solution File, Format Version 12.00
# Visual Studio 14
VisualStudioVersion = 14.0.25420.1
MinimumVisualStudioVersion = 10.0.40219.1
Project("{8BC9CEB8-8B4A-11D0-8D11-00A0C91BC942}") = "Po_02", "Po_02\Po_02.vcxproj", "{CF0652AA-9606-42D0-A5CD-97E1576988FC}"
EndProject
Project("{8BC9CEB8-8B4A-11D0-8D11-00A0C91BC942}") = "Po_01-02", "Po_01-02\Po_01-02.vcxproj", "{A033BA73-93E8-451A-82C4-7214B9301A23}"
EndProject
Project("{8BC9CEB8-8B4A-11D0-8D11-00A0C91BC942}") = "Po_03", "Po_03\Po_03.vcxproj", "{FF904E8B-7119-47F3-939A-126F78674905}"
EndProject
Project("{8BC9CEB8-8B4A-11D0-8D11-00A0C91BC942}") = "Po_04", "Po_04\Po_04.vcxproj", "{CA5CD626-387C-44B7-9AC7-4BAACFFF9E41}"
EndProject
Project("{8BC9CEB8-8B4A-11D0-8D11-00A0C91BC942}") = "Po_05", "Po_05\Po_05.vcxproj", "{4A9AB347-8133-472C-A326-040EDABE704B}"
EndProject
Project("{8BC9CEB8-8B4A-11D0-8D11-00A0C91BC942}") = "Po_06", "Po_06\Po_06.vcxproj", "{6A18A724-9F5C-4D51-B1AF-DC55234A3C58}"
EndProject
Global
	GlobalSection(SolutionConfigurationPlatforms) = preSolution
		Debug|x64 = Debug|x64
		Debug|x86 = Debug|x86
		Release|x64 = Release|x64
		Release|x86 = Release|x86
	EndGlobalSection
	GlobalSection(ProjectConfigurationPlatforms) = postSolution
		{CF0652AA-9606-42D0-A5CD-97E1576988FC}.Debug|x64.ActiveCfg = Debug|x64
		{CF0652AA-9606-42D0-A5CD-97E1576988FC}.Debug|x64.Build.0 = Debug|x64
		{CF0652AA-9606-42D0-A5CD-97E1576988FC}.Debug|x86.ActiveCfg = Debug|Win32
		{CF0652AA-9606-42D0-A5CD-97E1576988FC}.Debug|x86.Build.0 = Debug|Win32
		{CF0652AA-9606-42D0-A5CD-97E1576988FC}.Release|x64.ActiveCfg = Release|x64
		{CF0652AA-9606-42D0-A5CD-97E1576988FC}.Release|x64.Build.0 = Release|x64
		{CF0652AA-9606-42D0-A5CD-97E1576988FC}.Release|x86.ActiveCfg = Release|Win32
		{CF0652AA-9606-42D0-A5CD-97E1576988FC}.Release|x86.Build.0 = Release|Win32
		{A033BA73-93E8-451A-82C4-7214B9301A23}.Debug|x64.ActiveCfg = Debug|x64
		{A033BA73-93E8-451A-82C4-7214B9301A23}.Debug|x64.Build.0 = Debug|x64
		{A033BA73-93E8-451A-82C4-7214B9301A23}.Debug|x86.ActiveCfg = Debug|Win32
		{A033BA73-93E8-451A-82C4-7214B9301A23}.Debug|x86.Build.0 = Debug|Win32
		{A033BA73-93E8-451A-82C4-7214B9301A23}.Release|x64.ActiveCfg = Release|x64
		{A033BA73-93E8-451A-82C4-7214B9301A23}.Release|x64.Build.0 = Release|x64
		{A033BA73-93E8-451A-82C4-7214B9301A23}.Release|x86.ActiveCfg = Release|Win32
		{A033BA73-93E8-451A-82C4-7214B9301A23}.Release|x86.Build.0 = Release|Win32
		{FF904E8B-7119-47F3-939A-126F78674905}.Debug|x64.ActiveCfg = Debug|x64
		{FF904E8B-7119-47F3-939A-126F78674905}.Debug|x64.Build.0 = Debug|x64
		{FF904E8B-7119-47F3-939A-126F78674905}.Debug|x86.ActiveCfg = Debug|Win32
		{FF904E8B-7119-47F3-939A-126F78674905}.Debug|x86.Build.0 = Debug|Win32
		{FF904E8B-7119-47F3-939A-126F78674905}.Release|x64.ActiveCfg = Release|x64
		{FF904E8B-7119-47F3-939A-126F78674905}.Release|x64.Build.0 = Release|x64
		{FF904E8B-7119-47F3-939A-126F78674905}.Release|x86.ActiveCfg = Release|Win32
		{FF904E8B-7119-47F3-939A-126F78674905}.Release|x86.Build.0 = Release|Win32
		{CA5CD626-387C-44B7-9AC7-4BAACFFF9E41}.Debug|x64.ActiveCfg = Debug|x64
		{CA5CD626-387C-44B7-9AC7-4BAACFFF9E41}.Debug|x64.Build.0 = Debug|x64
		{CA5CD626-387C-44B7-9AC7-4BAACFFF9E41}.Debug|x86.ActiveCfg = Debug|Win32
		{CA5CD626-387C-44B7-9AC7-4BAACFFF9E41}.Debug|x86.Build.0 = Debug|Win32
		{CA5CD626-387C-44B7-9AC7-4BAACFFF9E41}.Release|x64.ActiveCfg = Release|x64
		{CA5CD626-387C-44B7-9AC7-4BAACFFF9E41}.Release|x64.Build.0 = Release|x64
		{CA5CD626-387C-44B7-9AC7-4BAACFFF9E41}.Release|x86.ActiveCfg = Release|Win32
		{CA5CD626-387C-44B7-9AC7-4BAACFFF9E41}.Release|x86.Build.0 = Release|Win32
		{4A9AB347-8133-472C-A326-040EDABE704B}.Debug|x64.ActiveCfg = Debug|x64
		{4A9AB347-8133-472C-A326-040EDABE704B}.Debug|x64.Build.0 = Debug|x64
		{4A9AB347-8133-472C-A326-040EDABE704B}.Debug|x86.ActiveCfg = Debug|Win32
		{4A9AB347-8133-472C-A326-040EDABE704B}.Debug|x86.Build.0 = Debug|Win32
		{4A9AB347-8133-472C-A326-040EDABE704B}.Release|x64.ActiveCfg = Release|x64
		{4A9AB347-8133-472C-A326-040EDABE704B}.Release|x64.Build.0 = Release|x64
		{4A9AB347-8133-472C-A326-040EDABE704B}.Release|x86.ActiveCfg = Release|Win32
		{4A9AB347-8133-472C-A326-040EDABE704B}.Release|x86.Build.0 = Release|Win32
		{6A18A724-9F5C-4D51-B1AF-DC55234A3C58}.Debug|x64.ActiveCfg = Debug|x64
		{6A18A724-9F5C-4D51-B1AF-DC55234A3C58}.Debug|x64.Build.0 = Debug|x64
		{6A18A724-9F5C-4D51-B1AF-DC55234A3C58}.Debug|x86.ActiveCfg = Debug|Win32
		{6A18A724-9F5C-4D51-B1AF-DC55234A3C58}.Debug|x86.Build.0 = Debug|Win32
		{6A18A724-9F5C-4D51-B1AF-DC55234A3C58}.Release|x64.ActiveCfg = Release|x64
		{6A18A724-9F5C-4D51-B1AF-DC55234A3C58}.Release|x64.Build.0 = Release|x64
		{6A18A724-9F5C-4D51-B1AF-DC55234A3C58}.Release|x86.ActiveCfg = Release|Win32
		{6A18A724-9F5C-4D51-B1AF-DC55234A3C58}.Release|x86.Build.0 = Release|Win32
	EndGlobalSection
	GlobalSection(SolutionProperties) = preSolution
		HideSolutionNode = FALSE
	EndGlobalSection
EndGlobal
